{
  "name": "netlify-local-plugins",
  "version": "1.0.0",
  "lockfileVersion": 3,
  "requires": true,
  "packages": {
    "": {
      "name": "netlify-local-plugins",
      "version": "1.0.0",
      "license": "MIT",
      "dependencies": {
        "@netlify/plugin-nextjs": "5.9.3"
      }
    },
    "node_modules/@netlify/plugin-nextjs": {
      "version": "5.9.3",
      "resolved": "https://registry.npmjs.org/@netlify/plugin-nextjs/-/plugin-nextjs-5.9.3.tgz",
      "integrity": "sha512-760YvPaw6tSPmmX/2sqRzqBehPOfTD6lJoUb+bW+yZhQNyfLyCJR9/cRQP0+fFN2CCmdRWECX4nbi76Qne5/FQ==",
      "license": "MIT",
      "engines": {
        "node": ">=18.0.0"
      }
    }
  }
}
